
Microsoft Visual Studio Solution File, Format Version 12.00
# Visual Studio 15
VisualStudioVersion = 15.0.26124.0
MinimumVisualStudioVersion = 15.0.26124.0
Project("{9A19103F-16F7-4668-BE54-9A1E7A4F7556}") = "R5T.Bath.File.Thessaloniki.Construction", "R5T.Bath.File.Thessaloniki.Construction\R5T.Bath.File.Thessaloniki.Construction.csproj", "{642A9356-F25B-41E9-AB23-7A3BC54ECBCA}"
EndProject
Project("{9A19103F-16F7-4668-BE54-9A1E7A4F7556}") = "R5T.Bath.File.Thessaloniki", "R5T.Bath.File.Thessaloniki\R5T.Bath.File.Thessaloniki.csproj", "{BD1CA26C-6016-427F-B87A-A86527213353}"
EndProject
Project("{9A19103F-16F7-4668-BE54-9A1E7A4F7556}") = "R5T.Bath.File.Thessaloniki.Testing", "R5T.Bath.File.Thessaloniki.Testing\R5T.Bath.File.Thessaloniki.Testing.csproj", "{745467D6-1664-4F77-A1A1-CE6551480695}"
EndProject
Project("{2150E333-8FDC-42A3-9474-1A3956D46DE8}") = "_Dependencies", "_Dependencies", "{04DC4918-3F50-41FB-A79F-E5E80CE0958F}"
EndProject
Project("{9A19103F-16F7-4668-BE54-9A1E7A4F7556}") = "R5T.Bath.File.Default", "..\..\R5T.Bath.File.Default\source\R5T.Bath.File.Default\R5T.Bath.File.Default.csproj", "{D6EE1782-6286-4833-8386-137F7DE91C82}"
EndProject
Project("{9A19103F-16F7-4668-BE54-9A1E7A4F7556}") = "R5T.Thessaloniki.Base", "..\..\R5T.Thessaloniki.Base\source\R5T.Thessaloniki.Base\R5T.Thessaloniki.Base.csproj", "{6F3DD7B5-BB65-46DC-B32F-611785026F44}"
EndProject
Project("{9A19103F-16F7-4668-BE54-9A1E7A4F7556}") = "R5T.Bath.File", "..\..\R5T.Bath.File\source\R5T.Bath.File\R5T.Bath.File.csproj", "{0B878696-5BC0-4299-B630-BBF027E01372}"
EndProject
Project("{9A19103F-16F7-4668-BE54-9A1E7A4F7556}") = "R5T.Bath.Default", "..\..\R5T.Bath.Default\source\R5T.Bath.Default\R5T.Bath.Default.csproj", "{7D9B4A82-F294-4CE3-B297-7BC7308FC091}"
EndProject
Project("{9A19103F-16F7-4668-BE54-9A1E7A4F7556}") = "R5T.Bath.Base", "..\..\R5T.Bath.Base\source\R5T.Bath.Base\R5T.Bath.Base.csproj", "{C460B7D5-18F4-45E7-A812-B3BE2C72D8D4}"
EndProject
Project("{9A19103F-16F7-4668-BE54-9A1E7A4F7556}") = "R5T.Lombardy.Base", "..\..\R5T.Lombardy.Base\source\R5T.Lombardy.Base\R5T.Lombardy.Base.csproj", "{56938520-3A2D-40DB-B41B-A813A06146FD}"
EndProject
Project("{FAE04EC0-301F-11D3-BF4B-00C04F79EFBC}") = "R5T.T0064", "..\..\R5T.T0064\source\R5T.T0064\R5T.T0064.csproj", "{038386EE-3574-4BB4-9F6D-989010C2420B}"
EndProject
Global
	GlobalSection(SolutionConfigurationPlatforms) = preSolution
		Debug|Any CPU = Debug|Any CPU
		Debug|x64 = Debug|x64
		Debug|x86 = Debug|x86
		Release|Any CPU = Release|Any CPU
		Release|x64 = Release|x64
		Release|x86 = Release|x86
	EndGlobalSection
	GlobalSection(ProjectConfigurationPlatforms) = postSolution
		{642A9356-F25B-41E9-AB23-7A3BC54ECBCA}.Debug|Any CPU.ActiveCfg = Debug|Any CPU
		{642A9356-F25B-41E9-AB23-7A3BC54ECBCA}.Debug|Any CPU.Build.0 = Debug|Any CPU
		{642A9356-F25B-41E9-AB23-7A3BC54ECBCA}.Debug|x64.ActiveCfg = Debug|Any CPU
		{642A9356-F25B-41E9-AB23-7A3BC54ECBCA}.Debug|x64.Build.0 = Debug|Any CPU
		{642A9356-F25B-41E9-AB23-7A3BC54ECBCA}.Debug|x86.ActiveCfg = Debug|Any CPU
		{642A9356-F25B-41E9-AB23-7A3BC54ECBCA}.Debug|x86.Build.0 = Debug|Any CPU
		{642A9356-F25B-41E9-AB23-7A3BC54ECBCA}.Release|Any CPU.ActiveCfg = Release|Any CPU
		{642A9356-F25B-41E9-AB23-7A3BC54ECBCA}.Release|Any CPU.Build.0 = Release|Any CPU
		{642A9356-F25B-41E9-AB23-7A3BC54ECBCA}.Release|x64.ActiveCfg = Release|Any CPU
		{642A9356-F25B-41E9-AB23-7A3BC54ECBCA}.Release|x64.Build.0 = Release|Any CPU
		{642A9356-F25B-41E9-AB23-7A3BC54ECBCA}.Release|x86.ActiveCfg = Release|Any CPU
		{642A9356-F25B-41E9-AB23-7A3BC54ECBCA}.Release|x86.Build.0 = Release|Any CPU
		{BD1CA26C-6016-427F-B87A-A86527213353}.Debug|Any CPU.ActiveCfg = Debug|Any CPU
		{BD1CA26C-6016-427F-B87A-A86527213353}.Debug|Any CPU.Build.0 = Debug|Any CPU
		{BD1CA26C-6016-427F-B87A-A86527213353}.Debug|x64.ActiveCfg = Debug|Any CPU
		{BD1CA26C-6016-427F-B87A-A86527213353}.Debug|x64.Build.0 = Debug|Any CPU
		{BD1CA26C-6016-427F-B87A-A86527213353}.Debug|x86.ActiveCfg = Debug|Any CPU
		{BD1CA26C-6016-427F-B87A-A86527213353}.Debug|x86.Build.0 = Debug|Any CPU
		{BD1CA26C-6016-427F-B87A-A86527213353}.Release|Any CPU.ActiveCfg = Release|Any CPU
		{BD1CA26C-6016-427F-B87A-A86527213353}.Release|Any CPU.Build.0 = Release|Any CPU
		{BD1CA26C-6016-427F-B87A-A86527213353}.Release|x64.ActiveCfg = Release|Any CPU
		{BD1CA26C-6016-427F-B87A-A86527213353}.Release|x64.Build.0 = Release|Any CPU
		{BD1CA26C-6016-427F-B87A-A86527213353}.Release|x86.ActiveCfg = Release|Any CPU
		{BD1CA26C-6016-427F-B87A-A86527213353}.Release|x86.Build.0 = Release|Any CPU
		{745467D6-1664-4F77-A1A1-CE6551480695}.Debug|Any CPU.ActiveCfg = Debug|Any CPU
		{745467D6-1664-4F77-A1A1-CE6551480695}.Debug|Any CPU.Build.0 = Debug|Any CPU
		{745467D6-1664-4F77-A1A1-CE6551480695}.Debug|x64.ActiveCfg = Debug|Any CPU
		{745467D6-1664-4F77-A1A1-CE6551480695}.Debug|x64.Build.0 = Debug|Any CPU
		{745467D6-1664-4F77-A1A1-CE6551480695}.Debug|x86.ActiveCfg = Debug|Any CPU
		{745467D6-1664-4F77-A1A1-CE6551480695}.Debug|x86.Build.0 = Debug|Any CPU
		{745467D6-1664-4F77-A1A1-CE6551480695}.Release|Any CPU.ActiveCfg = Release|Any CPU
		{745467D6-1664-4F77-A1A1-CE6551480695}.Release|Any CPU.Build.0 = Release|Any CPU
		{745467D6-1664-4F77-A1A1-CE6551480695}.Release|x64.ActiveCfg = Release|Any CPU
		{745467D6-1664-4F77-A1A1-CE6551480695}.Release|x64.Build.0 = Release|Any CPU
		{745467D6-1664-4F77-A1A1-CE6551480695}.Release|x86.ActiveCfg = Release|Any CPU
		{745467D6-1664-4F77-A1A1-CE6551480695}.Release|x86.Build.0 = Release|Any CPU
		{D6EE1782-6286-4833-8386-137F7DE91C82}.Debug|Any CPU.ActiveCfg = Debug|Any CPU
		{D6EE1782-6286-4833-8386-137F7DE91C82}.Debug|Any CPU.Build.0 = Debug|Any CPU
		{D6EE1782-6286-4833-8386-137F7DE91C82}.Debug|x64.ActiveCfg = Debug|Any CPU
		{D6EE1782-6286-4833-8386-137F7DE91C82}.Debug|x64.Build.0 = Debug|Any CPU
		{D6EE1782-6286-4833-8386-137F7DE91C82}.Debug|x86.ActiveCfg = Debug|Any CPU
		{D6EE1782-6286-4833-8386-137F7DE91C82}.Debug|x86.Build.0 = Debug|Any CPU
		{D6EE1782-6286-4833-8386-137F7DE91C82}.Release|Any CPU.ActiveCfg = Release|Any CPU
		{D6EE1782-6286-4833-8386-137F7DE91C82}.Release|Any CPU.Build.0 = Release|Any CPU
		{D6EE1782-6286-4833-8386-137F7DE91C82}.Release|x64.ActiveCfg = Release|Any CPU
		{D6EE1782-6286-4833-8386-137F7DE91C82}.Release|x64.Build.0 = Release|Any CPU
		{D6EE1782-6286-4833-8386-137F7DE91C82}.Release|x86.ActiveCfg = Release|Any CPU
		{D6EE1782-6286-4833-8386-137F7DE91C82}.Release|x86.Build.0 = Release|Any CPU
		{6F3DD7B5-BB65-46DC-B32F-611785026F44}.Debug|Any CPU.ActiveCfg = Debug|Any CPU
		{6F3DD7B5-BB65-46DC-B32F-611785026F44}.Debug|Any CPU.Build.0 = Debug|Any CPU
		{6F3DD7B5-BB65-46DC-B32F-611785026F44}.Debug|x64.ActiveCfg = Debug|Any CPU
		{6F3DD7B5-BB65-46DC-B32F-611785026F44}.Debug|x64.Build.0 = Debug|Any CPU
		{6F3DD7B5-BB65-46DC-B32F-611785026F44}.Debug|x86.ActiveCfg = Debug|Any CPU
		{6F3DD7B5-BB65-46DC-B32F-611785026F44}.Debug|x86.Build.0 = Debug|Any CPU
		{6F3DD7B5-BB65-46DC-B32F-611785026F44}.Release|Any CPU.ActiveCfg = Release|Any CPU
		{6F3DD7B5-BB65-46DC-B32F-611785026F44}.Release|Any CPU.Build.0 = Release|Any CPU
		{6F3DD7B5-BB65-46DC-B32F-611785026F44}.Release|x64.ActiveCfg = Release|Any CPU
		{6F3DD7B5-BB65-46DC-B32F-611785026F44}.Release|x64.Build.0 = Release|Any CPU
		{6F3DD7B5-BB65-46DC-B32F-611785026F44}.Release|x86.ActiveCfg = Release|Any CPU
		{6F3DD7B5-BB65-46DC-B32F-611785026F44}.Release|x86.Build.0 = Release|Any CPU
		{0B878696-5BC0-4299-B630-BBF027E01372}.Debug|Any CPU.ActiveCfg = Debug|Any CPU
		{0B878696-5BC0-4299-B630-BBF027E01372}.Debug|Any CPU.Build.0 = Debug|Any CPU
		{0B878696-5BC0-4299-B630-BBF027E01372}.Debug|x64.ActiveCfg = Debug|Any CPU
		{0B878696-5BC0-4299-B630-BBF027E01372}.Debug|x64.Build.0 = Debug|Any CPU
		{0B878696-5BC0-4299-B630-BBF027E01372}.Debug|x86.ActiveCfg = Debug|Any CPU
		{0B878696-5BC0-4299-B630-BBF027E01372}.Debug|x86.Build.0 = Debug|Any CPU
		{0B878696-5BC0-4299-B630-BBF027E01372}.Release|Any CPU.ActiveCfg = Release|Any CPU
		{0B878696-5BC0-4299-B630-BBF027E01372}.Release|Any CPU.Build.0 = Release|Any CPU
		{0B878696-5BC0-4299-B630-BBF027E01372}.Release|x64.ActiveCfg = Release|Any CPU
		{0B878696-5BC0-4299-B630-BBF027E01372}.Release|x64.Build.0 = Release|Any CPU
		{0B878696-5BC0-4299-B630-BBF027E01372}.Release|x86.ActiveCfg = Release|Any CPU
		{0B878696-5BC0-4299-B630-BBF027E01372}.Release|x86.Build.0 = Release|Any CPU
		{7D9B4A82-F294-4CE3-B297-7BC7308FC091}.Debug|Any CPU.ActiveCfg = Debug|Any CPU
		{7D9B4A82-F294-4CE3-B297-7BC7308FC091}.Debug|Any CPU.Build.0 = Debug|Any CPU
		{7D9B4A82-F294-4CE3-B297-7BC7308FC091}.Debug|x64.ActiveCfg = Debug|Any CPU
		{7D9B4A82-F294-4CE3-B297-7BC7308FC091}.Debug|x64.Build.0 = Debug|Any CPU
		{7D9B4A82-F294-4CE3-B297-7BC7308FC091}.Debug|x86.ActiveCfg = Debug|Any CPU
		{7D9B4A82-F294-4CE3-B297-7BC7308FC091}.Debug|x86.Build.0 = Debug|Any CPU
		{7D9B4A82-F294-4CE3-B297-7BC7308FC091}.Release|Any CPU.ActiveCfg = Release|Any CPU
		{7D9B4A82-F294-4CE3-B297-7BC7308FC091}.Release|Any CPU.Build.0 = Release|Any CPU
		{7D9B4A82-F294-4CE3-B297-7BC7308FC091}.Release|x64.ActiveCfg = Release|Any CPU
		{7D9B4A82-F294-4CE3-B297-7BC7308FC091}.Release|x64.Build.0 = Release|Any CPU
		{7D9B4A82-F294-4CE3-B297-7BC7308FC091}.Release|x86.ActiveCfg = Release|Any CPU
		{7D9B4A82-F294-4CE3-B297-7BC7308FC091}.Release|x86.Build.0 = Release|Any CPU
		{C460B7D5-18F4-45E7-A812-B3BE2C72D8D4}.Debug|Any CPU.ActiveCfg = Debug|Any CPU
		{C460B7D5-18F4-45E7-A812-B3BE2C72D8D4}.Debug|Any CPU.Build.0 = Debug|Any CPU
		{C460B7D5-18F4-45E7-A812-B3BE2C72D8D4}.Debug|x64.ActiveCfg = Debug|Any CPU
		{C460B7D5-18F4-45E7-A812-B3BE2C72D8D4}.Debug|x64.Build.0 = Debug|Any CPU
		{C460B7D5-18F4-45E7-A812-B3BE2C72D8D4}.Debug|x86.ActiveCfg = Debug|Any CPU
		{C460B7D5-18F4-45E7-A812-B3BE2C72D8D4}.Debug|x86.Build.0 = Debug|Any CPU
		{C460B7D5-18F4-45E7-A812-B3BE2C72D8D4}.Release|Any CPU.ActiveCfg = Release|Any CPU
		{C460B7D5-18F4-45E7-A812-B3BE2C72D8D4}.Release|Any CPU.Build.0 = Release|Any CPU
		{C460B7D5-18F4-45E7-A812-B3BE2C72D8D4}.Release|x64.ActiveCfg = Release|Any CPU
		{C460B7D5-18F4-45E7-A812-B3BE2C72D8D4}.Release|x64.Build.0 = Release|Any CPU
		{C460B7D5-18F4-45E7-A812-B3BE2C72D8D4}.Release|x86.ActiveCfg = Release|Any CPU
		{C460B7D5-18F4-45E7-A812-B3BE2C72D8D4}.Release|x86.Build.0 = Release|Any CPU
		{56938520-3A2D-40DB-B41B-A813A06146FD}.Debug|Any CPU.ActiveCfg = Debug|Any CPU
		{56938520-3A2D-40DB-B41B-A813A06146FD}.Debug|Any CPU.Build.0 = Debug|Any CPU
		{56938520-3A2D-40DB-B41B-A813A06146FD}.Debug|x64.ActiveCfg = Debug|Any CPU
		{56938520-3A2D-40DB-B41B-A813A06146FD}.Debug|x64.Build.0 = Debug|Any CPU
		{56938520-3A2D-40DB-B41B-A813A06146FD}.Debug|x86.ActiveCfg = Debug|Any CPU
		{56938520-3A2D-40DB-B41B-A813A06146FD}.Debug|x86.Build.0 = Debug|Any CPU
		{56938520-3A2D-40DB-B41B-A813A06146FD}.Release|Any CPU.ActiveCfg = Release|Any CPU
		{56938520-3A2D-40DB-B41B-A813A06146FD}.Release|Any CPU.Build.0 = Release|Any CPU
		{56938520-3A2D-40DB-B41B-A813A06146FD}.Release|x64.ActiveCfg = Release|Any CPU
		{56938520-3A2D-40DB-B41B-A813A06146FD}.Release|x64.Build.0 = Release|Any CPU
		{56938520-3A2D-40DB-B41B-A813A06146FD}.Release|x86.ActiveCfg = Release|Any CPU
		{56938520-3A2D-40DB-B41B-A813A06146FD}.Release|x86.Build.0 = Release|Any CPU
		{038386EE-3574-4BB4-9F6D-989010C2420B}.Debug|Any CPU.ActiveCfg = Debug|Any CPU
		{038386EE-3574-4BB4-9F6D-989010C2420B}.Debug|Any CPU.Build.0 = Debug|Any CPU
		{038386EE-3574-4BB4-9F6D-989010C2420B}.Debug|x64.ActiveCfg = Debug|Any CPU
		{038386EE-3574-4BB4-9F6D-989010C2420B}.Debug|x64.Build.0 = Debug|Any CPU
		{038386EE-3574-4BB4-9F6D-989010C2420B}.Debug|x86.ActiveCfg = Debug|Any CPU
		{038386EE-3574-4BB4-9F6D-989010C2420B}.Debug|x86.Build.0 = Debug|Any CPU
		{038386EE-3574-4BB4-9F6D-989010C2420B}.Release|Any CPU.ActiveCfg = Release|Any CPU
		{038386EE-3574-4BB4-9F6D-989010C2420B}.Release|Any CPU.Build.0 = Release|Any CPU
		{038386EE-3574-4BB4-9F6D-989010C2420B}.Release|x64.ActiveCfg = Release|Any CPU
		{038386EE-3574-4BB4-9F6D-989010C2420B}.Release|x64.Build.0 = Release|Any CPU
		{038386EE-3574-4BB4-9F6D-989010C2420B}.Release|x86.ActiveCfg = Release|Any CPU
		{038386EE-3574-4BB4-9F6D-989010C2420B}.Release|x86.Build.0 = Release|Any CPU
	EndGlobalSection
	GlobalSection(SolutionProperties) = preSolution
		HideSolutionNode = FALSE
	EndGlobalSection
	GlobalSection(NestedProjects) = preSolution
		{D6EE1782-6286-4833-8386-137F7DE91C82} = {04DC4918-3F50-41FB-A79F-E5E80CE0958F}
		{6F3DD7B5-BB65-46DC-B32F-611785026F44} = {04DC4918-3F50-41FB-A79F-E5E80CE0958F}
		{0B878696-5BC0-4299-B630-BBF027E01372} = {04DC4918-3F50-41FB-A79F-E5E80CE0958F}
		{7D9B4A82-F294-4CE3-B297-7BC7308FC091} = {04DC4918-3F50-41FB-A79F-E5E80CE0958F}
		{C460B7D5-18F4-45E7-A812-B3BE2C72D8D4} = {04DC4918-3F50-41FB-A79F-E5E80CE0958F}
		{56938520-3A2D-40DB-B41B-A813A06146FD} = {04DC4918-3F50-41FB-A79F-E5E80CE0958F}
		{038386EE-3574-4BB4-9F6D-989010C2420B} = {04DC4918-3F50-41FB-A79F-E5E80CE0958F}
	EndGlobalSection
	GlobalSection(ExtensibilityGlobals) = postSolution
		SolutionGuid = {61DFB41A-2D8D-44B7-8BEC-4E15CF5B7B96}
	EndGlobalSection
EndGlobal
